
Microsoft Visual Studio Solution File, Format Version 12.00
# Visual Studio Version 17
VisualStudioVersion = 17.6.33717.318
MinimumVisualStudioVersion = 10.0.40219.1
Project("{FAE04EC0-301F-11D3-BF4B-00C04F79EFBC}") = "HelloSourceControl", "HelloSourceControl\HelloSourceControl.csproj", "{0F0B1907-A747-4588-89AE-D3EB15C22101}"
EndProject
Global
	GlobalSection(SolutionConfigurationPlatforms) = preSolution
		Debug|Any CPU = Debug|Any CPU
		Release|Any CPU = Release|Any CPU
	EndGlobalSection
	GlobalSection(ProjectConfigurationPlatforms) = postSolution
		{0F0B1907-A747-4588-89AE-D3EB15C22101}.Debug|Any CPU.ActiveCfg = Debug|Any CPU
		{0F0B1907-A747-4588-89AE-D3EB15C22101}.Debug|Any CPU.Build.0 = Debug|Any CPU
		{0F0B1907-A747-4588-89AE-D3EB15C22101}.Release|Any CPU.ActiveCfg = Release|Any CPU
		{0F0B1907-A747-4588-89AE-D3EB15C22101}.Release|Any CPU.Build.0 = Release|Any CPU
	EndGlobalSection
	GlobalSection(SolutionProperties) = preSolution
		HideSolutionNode = FALSE
	EndGlobalSection
	GlobalSection(ExtensibilityGlobals) = postSolution
		SolutionGuid = {3F2F7D3C-15AB-4B51-85EB-A1FECC795BFA}
	EndGlobalSection
EndGlobal
